PODS:
  - Alamofire (4.5.1)
  - RxCocoa (4.0.0-beta.0):
    - RxSwift (~> 4.0.0-beta.0)
  - RxSwift (4.0.0-beta.0)

DEPENDENCIES:
  - Alamofire
  - RxCocoa (from `https://github.com/ReactiveX/RxSwift.git`, branch `rxswift4.0-swift4.0`)
  - RxSwift (from `https://github.com/ReactiveX/RxSwift.git`, branch `rxswift4.0-swift4.0`)

EXTERNAL SOURCES:
  RxCocoa:
    :branch: rxswift4.0-swift4.0
    :git: https://github.com/ReactiveX/RxSwift.git
  RxSwift:
    :branch: rxswift4.0-swift4.0
    :git: https://github.com/ReactiveX/RxSwift.git

CHECKOUT OPTIONS:
  RxCocoa:
    :commit: a0bf386834ca09e0438e2edf03d740eac3c4a6ce
    :git: https://github.com/ReactiveX/RxSwift.git
  RxSwift:
    :commit: a0bf386834ca09e0438e2edf03d740eac3c4a6ce
    :git: https://github.com/ReactiveX/RxSwift.git

SPEC CHECKSUMS:
  Alamofire: 2d95912bf4c34f164fdfc335872e8c312acaea4a
  RxCocoa: f2dff5e6b6a40f842867ec5915f449e1c3af563a
  RxSwift: cafebeafadc860ca27a2f3fb3760a8bb8663f6ef

PODFILE CHECKSUM: 49d22ef62f3d51aaf03fe0d539360a60c6ea0b85

COCOAPODS: 1.3.1
